<?xml version="1.0" encoding="utf-8"?>
<Project ToolsVersion="4.0" xmlns="http://schemas.microsoft.com/developer/msbuild/2003">
  <ItemGroup>
    <Filter Include="Source Files">
      <UniqueIdentifier>{4FC737F1-C7A5-4376-A066-2A32D752A2FF}</UniqueIdentifier>
      <Extensions>cpp;c;cc;cxx;c++;cppm;ixx;def;odl;idl;hpj;bat;asm;asmx</Extensions>
    </Filter>
    <Filter Include="Header Files">
      <UniqueIdentifier>{93995380-89BD-4b04-88EB-625FBE52EBFB}</UniqueIdentifier>
      <Extensions>h;hh;hpp;hxx;h++;hm;inl;inc;ipp;xsd</Extensions>
    </Filter>
    <Filter Include="Resource Files">
      <UniqueIdentifier>{67DA6AB6-F800-4c08-8B7A-83BB121AAD01}</UniqueIdentifier>
      <Extensions>rc;ico;cur;bmp;dlg;rc2;rct;bin;rgs;gif;jpg;jpeg;jpe;resx;tiff;tif;png;wav;mfcribbon-ms</Extensions>
    </Filter>
    <Filter Include="Source Files\ECS">
      <UniqueIdentifier>{52ff7559-8fc7-4e3d-9411-efda8244913c}</UniqueIdentifier>
    </Filter>
    <Filter Include="Source Files\Constants">
      <UniqueIdentifier>{70685c18-418e-4185-a76d-15b19d5d27f9}</UniqueIdentifier>
    </Filter>
    <Filter Include="Source Files\Managers">
      <UniqueIdentifier>{97ec02f7-3bce-471b-8b89-1838b35029b3}</UniqueIdentifier>
    </Filter>
    <Filter Include="Source Files\ECS\Components">
      <UniqueIdentifier>{fbdbb558-88f0-4889-ad44-0f6fff036105}</UniqueIdentifier>
    </Filter>
    <Filter Include="Source Files\ECS\Systems">
      <UniqueIdentifier>{3aa1a89a-e2df-4ba8-9da4-563edaff7b3b}</UniqueIdentifier>
    </Filter>
    <Filter Include="Source Files\Common">
      <UniqueIdentifier>{c6240737-179a-4973-babd-3747ed409827}</UniqueIdentifier>
    </Filter>
    <Filter Include="Source Files\LibWrappers">
      <UniqueIdentifier>{9daf7f5d-5539-4c03-ab03-fd7771d3ad46}</UniqueIdentifier>
    </Filter>
    <Filter Include="Source Files\Particles">
      <UniqueIdentifier>{1eddba23-335d-42c1-8989-ba6119201b49}</UniqueIdentifier>
    </Filter>
  </ItemGroup>
  <ItemGroup>
    <ClCompile Include="..\src\Game.cpp">
      <Filter>Source Files</Filter>
    </ClCompile>
    <ClCompile Include="..\src\main.cpp">
      <Filter>Source Files</Filter>
    </ClCompile>
    <ClCompile Include="..\src\ECS\ECS.cpp">
      <Filter>Source Files\ECS</Filter>
    </ClCompile>
    <ClCompile Include="..\src\Constants\Constants.cpp">
      <Filter>Source Files\Constants</Filter>
    </ClCompile>
    <ClCompile Include="..\src\ECS\Systems\ActorSystem.cpp">
      <Filter>Source Files\ECS\Systems</Filter>
    </ClCompile>
    <ClCompile Include="..\src\Managers\AssetManager.cpp">
      <Filter>Source Files\Managers</Filter>
    </ClCompile>
    <ClCompile Include="..\src\Managers\TextureManager.cpp">
      <Filter>Source Files\Managers</Filter>
    </ClCompile>
    <ClCompile Include="..\src\Common\Collision.cpp">
      <Filter>Source Files\Common</Filter>
    </ClCompile>
    <ClCompile Include="..\src\Common\Vector2D.cpp">
      <Filter>Source Files\Common</Filter>
    </ClCompile>
    <ClCompile Include="..\src\ECS\Systems\ProjectileSystem.cpp">
      <Filter>Source Files\ECS\Systems</Filter>
    </ClCompile>
    <ClCompile Include="..\src\ECS\Systems\CollisionSystem.cpp">
      <Filter>Source Files\ECS\Systems</Filter>
    </ClCompile>
    <ClCompile Include="..\src\ECS\Systems\MapSystem.cpp">
      <Filter>Source Files\ECS\Systems</Filter>
    </ClCompile>
    <ClCompile Include="..\src\Common\Map.cpp">
      <Filter>Source Files\Common</Filter>
    </ClCompile>
    <ClCompile Include="..\src\ECS\Systems\HitboxWeaponCollisionSystem.cpp">
      <Filter>Source Files\ECS\Systems</Filter>
    </ClCompile>
    <ClCompile Include="..\src\Common\ColliderShape.cpp">
      <Filter>Source Files\Common</Filter>
    </ClCompile>
    <ClCompile Include="..\src\ECS\Systems\AISystem.cpp">
      <Filter>Source Files\ECS\Systems</Filter>
    </ClCompile>
    <ClCompile Include="..\src\ECS\Components\ActorComponent.cpp">
      <Filter>Source Files\ECS\Components</Filter>
    </ClCompile>
    <ClCompile Include="..\src\ECS\Components\AIComponentBasicFighter.cpp">
      <Filter>Source Files\ECS\Components</Filter>
    </ClCompile>
    <ClCompile Include="..\src\ECS\Components\ArmorComponent.cpp">
      <Filter>Source Files\ECS\Components</Filter>
    </ClCompile>
    <ClCompile Include="..\src\ECS\Components\ColliderComponent.cpp">
      <Filter>Source Files\ECS\Components</Filter>
    </ClCompile>
    <ClCompile Include="..\src\ECS\Components\HealthComponent.cpp">
      <Filter>Source Files\ECS\Components</Filter>
    </ClCompile>
    <ClCompile Include="..\src\ECS\Components\HitboxComponent.cpp">
      <Filter>Source Files\ECS\Components</Filter>
    </ClCompile>
    <ClCompile Include="..\src\ECS\Components\KeyboardComponent.cpp">
      <Filter>Source Files\ECS\Components</Filter>
    </ClCompile>
    <ClCompile Include="..\src\ECS\Components\ProjectileComponent.cpp">
      <Filter>Source Files\ECS\Components</Filter>
    </ClCompile>
    <ClCompile Include="..\src\ECS\Components\SpriteComponent.cpp">
      <Filter>Source Files\ECS\Components</Filter>
    </ClCompile>
    <ClCompile Include="..\src\ECS\Components\SpriteOutlineComponent.cpp">
      <Filter>Source Files\ECS\Components</Filter>
    </ClCompile>
    <ClCompile Include="..\src\ECS\Components\TileComponent.cpp">
      <Filter>Source Files\ECS\Components</Filter>
    </ClCompile>
    <ClCompile Include="..\src\ECS\Components\UILabelComponent.cpp">
      <Filter>Source Files\ECS\Components</Filter>
    </ClCompile>
    <ClCompile Include="..\src\ECS\Components\WeaponComponent.cpp">
      <Filter>Source Files\ECS\Components</Filter>
    </ClCompile>
    <ClCompile Include="..\src\ECS\Components\FactionComponent.h">
      <Filter>Source Files\ECS\Components</Filter>
    </ClCompile>
    <ClCompile Include="..\src\ECS\Systems\FactionSystem.h">
      <Filter>Source Files\ECS\Systems</Filter>
    </ClCompile>
    <ClCompile Include="..\src\ECS\Systems\FactionSystem.cpp">
      <Filter>Source Files\ECS\Systems</Filter>
    </ClCompile>
    <ClCompile Include="..\src\Managers\KeyboardManager.cpp">
      <Filter>Source Files\Managers</Filter>
    </ClCompile>
    <ClCompile Include="..\src\Managers\CameraManager.cpp">
      <Filter>Source Files\Managers</Filter>
    </ClCompile>
    <ClCompile Include="..\src\ECS\Components\ShadowComponent.cpp">
      <Filter>Source Files\ECS\Components</Filter>
    </ClCompile>
    <ClCompile Include="..\src\ECS\Components\TintComponent.cpp">
      <Filter>Source Files\ECS\Components</Filter>
    </ClCompile>
    <ClCompile Include="..\src\Particles\ParticleEmitter.cpp">
      <Filter>Source Files\Particles</Filter>
    </ClCompile>
    <ClCompile Include="..\src\Managers\ParticleManager.cpp">
      <Filter>Source Files\Managers</Filter>
    </ClCompile>
    <ClCompile Include="..\src\ECS\Components\HitParticleComponent.cpp">
      <Filter>Source Files\ECS\Components</Filter>
    </ClCompile>
  </ItemGroup>
  <ItemGroup>
    <ClInclude Include="..\src\Game.h">
      <Filter>Source Files</Filter>
    </ClInclude>
    <ClInclude Include="..\src\ECS\ECS.h">
      <Filter>Source Files\ECS</Filter>
    </ClInclude>
    <ClInclude Include="..\src\Constants\Constants.h">
      <Filter>Source Files\Constants</Filter>
    </ClInclude>
    <ClInclude Include="..\src\ECS\Components\ColliderComponent.h">
      <Filter>Source Files\ECS\Components</Filter>
    </ClInclude>
    <ClInclude Include="..\src\ECS\Components\KeyboardComponent.h">
      <Filter>Source Files\ECS\Components</Filter>
    </ClInclude>
    <ClInclude Include="..\src\ECS\Components\ProjectileComponent.h">
      <Filter>Source Files\ECS\Components</Filter>
    </ClInclude>
    <ClInclude Include="..\src\ECS\Components\SpriteComponent.h">
      <Filter>Source Files\ECS\Components</Filter>
    </ClInclude>
    <ClInclude Include="..\src\ECS\Components\TileComponent.h">
      <Filter>Source Files\ECS\Components</Filter>
    </ClInclude>
    <ClInclude Include="..\src\ECS\Components\TransformComponent.h">
      <Filter>Source Files\ECS\Components</Filter>
    </ClInclude>
    <ClInclude Include="..\src\ECS\Components\UILabelComponent.h">
      <Filter>Source Files\ECS\Components</Filter>
    </ClInclude>
    <ClInclude Include="..\src\ECS\Systems\CollisionSystem.h">
      <Filter>Source Files\ECS\Systems</Filter>
    </ClInclude>
    <ClInclude Include="..\src\ECS\Systems\ActorSystem.h">
      <Filter>Source Files\ECS\Systems</Filter>
    </ClInclude>
    <ClInclude Include="..\src\Managers\AssetManager.h">
      <Filter>Source Files\Managers</Filter>
    </ClInclude>
    <ClInclude Include="..\src\Managers\TextureManager.h">
      <Filter>Source Files\Managers</Filter>
    </ClInclude>
    <ClInclude Include="..\src\Common\Collision.h">
      <Filter>Source Files\Common</Filter>
    </ClInclude>
    <ClInclude Include="..\src\Common\Vector2D.h">
      <Filter>Source Files\Common</Filter>
    </ClInclude>
    <ClInclude Include="..\src\ECS\Systems\ProjectileSystem.h">
      <Filter>Source Files\ECS\Systems</Filter>
    </ClInclude>
    <ClInclude Include="..\src\ECS\Systems\MapSystem.h">
      <Filter>Source Files\ECS\Systems</Filter>
    </ClInclude>
    <ClInclude Include="..\src\Common\Map.h">
      <Filter>Source Files\Common</Filter>
    </ClInclude>
    <ClInclude Include="..\src\ECS\Systems\RenderSystem.h">
      <Filter>Source Files\ECS\Systems</Filter>
    </ClInclude>
    <ClInclude Include="..\src\Common\Observer.h">
      <Filter>Source Files\Common</Filter>
    </ClInclude>
    <ClInclude Include="..\src\Common\Subject.h">
      <Filter>Source Files\Common</Filter>
    </ClInclude>
    <ClInclude Include="..\src\ECS\Systems\HitboxWeaponCollisionSystem.h">
      <Filter>Source Files\ECS\Systems</Filter>
    </ClInclude>
    <ClInclude Include="..\src\ECS\Components\WeaponComponent.h">
      <Filter>Source Files\ECS\Components</Filter>
    </ClInclude>
    <ClInclude Include="..\src\Common\ColliderShape.h">
      <Filter>Source Files\Common</Filter>
    </ClInclude>
    <ClInclude Include="..\src\ECS\Components\HealthComponent.h">
      <Filter>Source Files\ECS\Components</Filter>
    </ClInclude>
    <ClInclude Include="..\src\ECS\Components\AIComponent.h">
      <Filter>Source Files\ECS\Components</Filter>
    </ClInclude>
    <ClInclude Include="..\src\ECS\Components\AIComponentBasicFighter.h">
      <Filter>Source Files\ECS\Components</Filter>
    </ClInclude>
    <ClInclude Include="..\src\ECS\Systems\AISystem.h">
      <Filter>Source Files\ECS\Systems</Filter>
    </ClInclude>
    <ClInclude Include="..\src\Common\Sprite.h">
      <Filter>Source Files\Common</Filter>
    </ClInclude>
    <ClInclude Include="..\src\ECS\Components\ActorComponent.h">
      <Filter>Source Files\ECS\Components</Filter>
    </ClInclude>
    <ClInclude Include="..\src\Common\Animation.h">
      <Filter>Source Files\Common</Filter>
    </ClInclude>
    <ClInclude Include="..\src\ECS\Components\HitboxComponent.h">
      <Filter>Source Files\ECS\Components</Filter>
    </ClInclude>
    <ClInclude Include="..\src\ECS\Components\ArmorComponent.h">
      <Filter>Source Files\ECS\Components</Filter>
    </ClInclude>
    <ClInclude Include="..\src\LibWrappers\wrappedJson.h">
      <Filter>Source Files\LibWrappers</Filter>
    </ClInclude>
    <ClInclude Include="..\src\ECS\Components\SpriteOutlineComponent.h">
      <Filter>Source Files\ECS\Components</Filter>
    </ClInclude>
    <ClInclude Include="..\src\Managers\KeyboardManager.h">
      <Filter>Source Files\Managers</Filter>
    </ClInclude>
    <ClInclude Include="..\src\Managers\CameraManager.h">
      <Filter>Source Files\Managers</Filter>
    </ClInclude>
    <ClInclude Include="..\src\ECS\Components\CameraComponent.h">
      <Filter>Source Files\ECS\Components</Filter>
    </ClInclude>
    <ClInclude Include="..\src\ECS\Components\CorpseComponent.h">
      <Filter>Source Files\ECS\Components</Filter>
    </ClInclude>
    <ClInclude Include="..\src\ECS\Components\ShadowComponent.h">
      <Filter>Source Files\ECS\Components</Filter>
    </ClInclude>
    <ClInclude Include="..\src\ECS\Components\TintComponent.h">
      <Filter>Source Files\ECS\Components</Filter>
    </ClInclude>
    <ClInclude Include="..\src\Particles\ParticleEmitter.h">
      <Filter>Source Files\Particles</Filter>
    </ClInclude>
    <ClInclude Include="..\src\Managers\ParticleManager.h">
      <Filter>Source Files\Managers</Filter>
    </ClInclude>
    <ClInclude Include="..\src\ECS\Components\HitParticleComponent.h">
      <Filter>Source Files\ECS\Components</Filter>
    </ClInclude>
  </ItemGroup>
  <ItemGroup>
    <Image Include="..\art\player.png">
      <Filter>Resource Files</Filter>
    </Image>
    <Image Include="..\art\tiles_v0.png">
      <Filter>Resource Files</Filter>
    </Image>
    <Image Include="..\art\goblin_downscale_spritesheet.png">
      <Filter>Resource Files</Filter>
    </Image>
  </ItemGroup>
  <ItemGroup>
    <Font Include="..\art\arial.ttf">
      <Filter>Resource Files</Filter>
    </Font>
  </ItemGroup>
  <ItemGroup>
    <None Include="..\art\map_Collision.csv">
      <Filter>Resource Files</Filter>
    </None>
    <None Include="..\art\map_Tiles.csv">
      <Filter>Resource Files</Filter>
    </None>
    <None Include="packages.config" />
  </ItemGroup>
</Project>